
Microsoft Visual Studio Solution File, Format Version 12.00
# Visual Studio Version 17
VisualStudioVersion = 17.0.31903.59
MinimumVisualStudioVersion = 10.0.40219.1
Project("{2150E333-8FDC-42A3-9474-1A3956D46DE8}") = "src", "src", "{827E0CD3-B72D-47B6-A68D-7590B98EB39B}"
EndProject
Project("{2150E333-8FDC-42A3-9474-1A3956D46DE8}") = "BuildingBlocks", "BuildingBlocks", "{90298CBA-BD6F-3A0A-69D5-97CAD7B05E7E}"
EndProject
Project("{FAE04EC0-301F-11D3-BF4B-00C04F79EFBC}") = "EventBus.Messages", "src\BuildingBlocks\EventBus.Messages\EventBus.Messages.csproj", "{D244D4E4-2D3A-48CE-9D28-56E78AE25221}"
EndProject
Project("{FAE04EC0-301F-11D3-BF4B-00C04F79EFBC}") = "Users.API", "src\Services\Users\Users.API\Users.API.csproj", "{E12F9F65-8868-4892-9FBF-44D367E5CBCE}"
EndProject
Project("{FAE04EC0-301F-11D3-BF4B-00C04F79EFBC}") = "Users.Application", "src\Services\Users\Users.Application\Users.Application.csproj", "{E7C56C8C-1CD4-4E95-AAD8-B0B283FAAAC6}"
EndProject
Project("{FAE04EC0-301F-11D3-BF4B-00C04F79EFBC}") = "Users.Domain", "src\Services\Users\Users.Domain\Users.Domain.csproj", "{A046FDAD-67F2-4E97-ADC1-859311FCA8C9}"
EndProject
Project("{FAE04EC0-301F-11D3-BF4B-00C04F79EFBC}") = "Users.Infrastructure", "src\Services\Users\Users.Infrastructure\Users.Infrastructure.csproj", "{548C09DF-E830-464D-BE46-75480A182811}"
EndProject
Project("{2150E333-8FDC-42A3-9474-1A3956D46DE8}") = "Services", "Services", "{984BB9B3-3FA3-BE33-9484-CAC21695A33C}"
EndProject
Project("{2150E333-8FDC-42A3-9474-1A3956D46DE8}") = "MarketData", "MarketData", "{38494CD7-E01F-CF74-59F8-50E8E8F43C4A}"
EndProject
Project("{FAE04EC0-301F-11D3-BF4B-00C04F79EFBC}") = "MarketData.API", "src\Services\MarketData\MarketData.API\MarketData.API.csproj", "{F7DF4562-3A96-4C4E-9364-F486B037DFEB}"
EndProject
Project("{FAE04EC0-301F-11D3-BF4B-00C04F79EFBC}") = "MarketData.Application", "src\Services\MarketData\MarketData.Application\MarketData.Application.csproj", "{F4C896A0-DDE0-41CE-8159-9DE758BEA390}"
EndProject
Project("{FAE04EC0-301F-11D3-BF4B-00C04F79EFBC}") = "MarketData.Domain", "src\Services\MarketData\MarketData.Domain\MarketData.Domain.csproj", "{72AB894F-3113-4A90-BFF5-3FFBD6C0C32D}"
EndProject
Project("{FAE04EC0-301F-11D3-BF4B-00C04F79EFBC}") = "MarketData.Infrastructure", "src\Services\MarketData\MarketData.Infrastructure\MarketData.Infrastructure.csproj", "{528E3257-ADCD-48B4-A8AD-105C035F1128}"
EndProject
Project("{2150E333-8FDC-42A3-9474-1A3956D46DE8}") = "Holdings", "Holdings", "{36E171C4-B762-9D9C-FAA3-49D36A5413E0}"
EndProject
Project("{FAE04EC0-301F-11D3-BF4B-00C04F79EFBC}") = "Holdings.API", "src\Services\Holdings\Holdings.API\Holdings.API.csproj", "{6C371103-72EB-4261-AFAE-0FC359BFEBF6}"
EndProject
Project("{FAE04EC0-301F-11D3-BF4B-00C04F79EFBC}") = "Holdings.Application", "src\Services\Holdings\Holdings.Application\Holdings.Application.csproj", "{121CF9EE-7B67-4729-94D8-A0C95FEA3640}"
EndProject
Project("{FAE04EC0-301F-11D3-BF4B-00C04F79EFBC}") = "Holdings.Domain", "src\Services\Holdings\Holdings.Domain\Holdings.Domain.csproj", "{47F8EBAC-E63E-403D-9190-8B460C4C6C48}"
EndProject
Project("{FAE04EC0-301F-11D3-BF4B-00C04F79EFBC}") = "Holdings.Infrastructure", "src\Services\Holdings\Holdings.Infrastructure\Holdings.Infrastructure.csproj", "{4E870B47-D209-4984-8577-23FBB649E31F}"
EndProject
Project("{FAE04EC0-301F-11D3-BF4B-00C04F79EFBC}") = "Transactions.API", "src\Services\Transactions\Transactions.API\Transactions.API.csproj", "{71B44E84-492F-4909-8711-80514C28F4DF}"
EndProject
Project("{FAE04EC0-301F-11D3-BF4B-00C04F79EFBC}") = "Transactions.Application", "src\Services\Transactions\Transactions.Application\Transactions.Application.csproj", "{334DB1E7-88C9-4626-97B0-98204EC0CE58}"
EndProject
Project("{FAE04EC0-301F-11D3-BF4B-00C04F79EFBC}") = "Transactions.Domain", "src\Services\Transactions\Transactions.Domain\Transactions.Domain.csproj", "{84A4C597-D937-44E7-86A8-755B45F94C35}"
EndProject
Project("{FAE04EC0-301F-11D3-BF4B-00C04F79EFBC}") = "Transactions.Infrastructure", "src\Services\Transactions\Transactions.Infrastructure\Transactions.Infrastructure.csproj", "{D269DFA1-62BB-4B06-8A74-45562FBB3BE9}"
EndProject
Project("{FAE04EC0-301F-11D3-BF4B-00C04F79EFBC}") = "Common.Authentication", "src\BuildingBlocks\Common.Authentication\Common.Authentication.csproj", "{EE0BFBD6-7C52-4C2E-B3F7-89027341220F}"
EndProject
Global
	GlobalSection(SolutionConfigurationPlatforms) = preSolution
		Debug|Any CPU = Debug|Any CPU
		Debug|x64 = Debug|x64
		Debug|x86 = Debug|x86
		Release|Any CPU = Release|Any CPU
		Release|x64 = Release|x64
		Release|x86 = Release|x86
	EndGlobalSection
	GlobalSection(ProjectConfigurationPlatforms) = postSolution
		{D244D4E4-2D3A-48CE-9D28-56E78AE25221}.Debug|Any CPU.ActiveCfg = Debug|Any CPU
		{D244D4E4-2D3A-48CE-9D28-56E78AE25221}.Debug|Any CPU.Build.0 = Debug|Any CPU
		{D244D4E4-2D3A-48CE-9D28-56E78AE25221}.Debug|x64.ActiveCfg = Debug|Any CPU
		{D244D4E4-2D3A-48CE-9D28-56E78AE25221}.Debug|x64.Build.0 = Debug|Any CPU
		{D244D4E4-2D3A-48CE-9D28-56E78AE25221}.Debug|x86.ActiveCfg = Debug|Any CPU
		{D244D4E4-2D3A-48CE-9D28-56E78AE25221}.Debug|x86.Build.0 = Debug|Any CPU
		{D244D4E4-2D3A-48CE-9D28-56E78AE25221}.Release|Any CPU.ActiveCfg = Release|Any CPU
		{D244D4E4-2D3A-48CE-9D28-56E78AE25221}.Release|Any CPU.Build.0 = Release|Any CPU
		{D244D4E4-2D3A-48CE-9D28-56E78AE25221}.Release|x64.ActiveCfg = Release|Any CPU
		{D244D4E4-2D3A-48CE-9D28-56E78AE25221}.Release|x64.Build.0 = Release|Any CPU
		{D244D4E4-2D3A-48CE-9D28-56E78AE25221}.Release|x86.ActiveCfg = Release|Any CPU
		{D244D4E4-2D3A-48CE-9D28-56E78AE25221}.Release|x86.Build.0 = Release|Any CPU
		{E12F9F65-8868-4892-9FBF-44D367E5CBCE}.Debug|Any CPU.ActiveCfg = Debug|Any CPU
		{E12F9F65-8868-4892-9FBF-44D367E5CBCE}.Debug|Any CPU.Build.0 = Debug|Any CPU
		{E12F9F65-8868-4892-9FBF-44D367E5CBCE}.Debug|x64.ActiveCfg = Debug|Any CPU
		{E12F9F65-8868-4892-9FBF-44D367E5CBCE}.Debug|x64.Build.0 = Debug|Any CPU
		{E12F9F65-8868-4892-9FBF-44D367E5CBCE}.Debug|x86.ActiveCfg = Debug|Any CPU
		{E12F9F65-8868-4892-9FBF-44D367E5CBCE}.Debug|x86.Build.0 = Debug|Any CPU
		{E12F9F65-8868-4892-9FBF-44D367E5CBCE}.Release|Any CPU.ActiveCfg = Release|Any CPU
		{E12F9F65-8868-4892-9FBF-44D367E5CBCE}.Release|Any CPU.Build.0 = Release|Any CPU
		{E12F9F65-8868-4892-9FBF-44D367E5CBCE}.Release|x64.ActiveCfg = Release|Any CPU
		{E12F9F65-8868-4892-9FBF-44D367E5CBCE}.Release|x64.Build.0 = Release|Any CPU
		{E12F9F65-8868-4892-9FBF-44D367E5CBCE}.Release|x86.ActiveCfg = Release|Any CPU
		{E12F9F65-8868-4892-9FBF-44D367E5CBCE}.Release|x86.Build.0 = Release|Any CPU
		{E7C56C8C-1CD4-4E95-AAD8-B0B283FAAAC6}.Debug|Any CPU.ActiveCfg = Debug|Any CPU
		{E7C56C8C-1CD4-4E95-AAD8-B0B283FAAAC6}.Debug|Any CPU.Build.0 = Debug|Any CPU
		{E7C56C8C-1CD4-4E95-AAD8-B0B283FAAAC6}.Debug|x64.ActiveCfg = Debug|Any CPU
		{E7C56C8C-1CD4-4E95-AAD8-B0B283FAAAC6}.Debug|x64.Build.0 = Debug|Any CPU
		{E7C56C8C-1CD4-4E95-AAD8-B0B283FAAAC6}.Debug|x86.ActiveCfg = Debug|Any CPU
		{E7C56C8C-1CD4-4E95-AAD8-B0B283FAAAC6}.Debug|x86.Build.0 = Debug|Any CPU
		{E7C56C8C-1CD4-4E95-AAD8-B0B283FAAAC6}.Release|Any CPU.ActiveCfg = Release|Any CPU
		{E7C56C8C-1CD4-4E95-AAD8-B0B283FAAAC6}.Release|Any CPU.Build.0 = Release|Any CPU
		{E7C56C8C-1CD4-4E95-AAD8-B0B283FAAAC6}.Release|x64.ActiveCfg = Release|Any CPU
		{E7C56C8C-1CD4-4E95-AAD8-B0B283FAAAC6}.Release|x64.Build.0 = Release|Any CPU
		{E7C56C8C-1CD4-4E95-AAD8-B0B283FAAAC6}.Release|x86.ActiveCfg = Release|Any CPU
		{E7C56C8C-1CD4-4E95-AAD8-B0B283FAAAC6}.Release|x86.Build.0 = Release|Any CPU
		{A046FDAD-67F2-4E97-ADC1-859311FCA8C9}.Debug|Any CPU.ActiveCfg = Debug|Any CPU
		{A046FDAD-67F2-4E97-ADC1-859311FCA8C9}.Debug|Any CPU.Build.0 = Debug|Any CPU
		{A046FDAD-67F2-4E97-ADC1-859311FCA8C9}.Debug|x64.ActiveCfg = Debug|Any CPU
		{A046FDAD-67F2-4E97-ADC1-859311FCA8C9}.Debug|x64.Build.0 = Debug|Any CPU
		{A046FDAD-67F2-4E97-ADC1-859311FCA8C9}.Debug|x86.ActiveCfg = Debug|Any CPU
		{A046FDAD-67F2-4E97-ADC1-859311FCA8C9}.Debug|x86.Build.0 = Debug|Any CPU
		{A046FDAD-67F2-4E97-ADC1-859311FCA8C9}.Release|Any CPU.ActiveCfg = Release|Any CPU
		{A046FDAD-67F2-4E97-ADC1-859311FCA8C9}.Release|Any CPU.Build.0 = Release|Any CPU
		{A046FDAD-67F2-4E97-ADC1-859311FCA8C9}.Release|x64.ActiveCfg = Release|Any CPU
		{A046FDAD-67F2-4E97-ADC1-859311FCA8C9}.Release|x64.Build.0 = Release|Any CPU
		{A046FDAD-67F2-4E97-ADC1-859311FCA8C9}.Release|x86.ActiveCfg = Release|Any CPU
		{A046FDAD-67F2-4E97-ADC1-859311FCA8C9}.Release|x86.Build.0 = Release|Any CPU
		{548C09DF-E830-464D-BE46-75480A182811}.Debug|Any CPU.ActiveCfg = Debug|Any CPU
		{548C09DF-E830-464D-BE46-75480A182811}.Debug|Any CPU.Build.0 = Debug|Any CPU
		{548C09DF-E830-464D-BE46-75480A182811}.Debug|x64.ActiveCfg = Debug|Any CPU
		{548C09DF-E830-464D-BE46-75480A182811}.Debug|x64.Build.0 = Debug|Any CPU
		{548C09DF-E830-464D-BE46-75480A182811}.Debug|x86.ActiveCfg = Debug|Any CPU
		{548C09DF-E830-464D-BE46-75480A182811}.Debug|x86.Build.0 = Debug|Any CPU
		{548C09DF-E830-464D-BE46-75480A182811}.Release|Any CPU.ActiveCfg = Release|Any CPU
		{548C09DF-E830-464D-BE46-75480A182811}.Release|Any CPU.Build.0 = Release|Any CPU
		{548C09DF-E830-464D-BE46-75480A182811}.Release|x64.ActiveCfg = Release|Any CPU
		{548C09DF-E830-464D-BE46-75480A182811}.Release|x64.Build.0 = Release|Any CPU
		{548C09DF-E830-464D-BE46-75480A182811}.Release|x86.ActiveCfg = Release|Any CPU
		{548C09DF-E830-464D-BE46-75480A182811}.Release|x86.Build.0 = Release|Any CPU
		{F7DF4562-3A96-4C4E-9364-F486B037DFEB}.Debug|Any CPU.ActiveCfg = Debug|Any CPU
		{F7DF4562-3A96-4C4E-9364-F486B037DFEB}.Debug|Any CPU.Build.0 = Debug|Any CPU
		{F7DF4562-3A96-4C4E-9364-F486B037DFEB}.Debug|x64.ActiveCfg = Debug|Any CPU
		{F7DF4562-3A96-4C4E-9364-F486B037DFEB}.Debug|x64.Build.0 = Debug|Any CPU
		{F7DF4562-3A96-4C4E-9364-F486B037DFEB}.Debug|x86.ActiveCfg = Debug|Any CPU
		{F7DF4562-3A96-4C4E-9364-F486B037DFEB}.Debug|x86.Build.0 = Debug|Any CPU
		{F7DF4562-3A96-4C4E-9364-F486B037DFEB}.Release|Any CPU.ActiveCfg = Release|Any CPU
		{F7DF4562-3A96-4C4E-9364-F486B037DFEB}.Release|Any CPU.Build.0 = Release|Any CPU
		{F7DF4562-3A96-4C4E-9364-F486B037DFEB}.Release|x64.ActiveCfg = Release|Any CPU
		{F7DF4562-3A96-4C4E-9364-F486B037DFEB}.Release|x64.Build.0 = Release|Any CPU
		{F7DF4562-3A96-4C4E-9364-F486B037DFEB}.Release|x86.ActiveCfg = Release|Any CPU
		{F7DF4562-3A96-4C4E-9364-F486B037DFEB}.Release|x86.Build.0 = Release|Any CPU
		{F4C896A0-DDE0-41CE-8159-9DE758BEA390}.Debug|Any CPU.ActiveCfg = Debug|Any CPU
		{F4C896A0-DDE0-41CE-8159-9DE758BEA390}.Debug|Any CPU.Build.0 = Debug|Any CPU
		{F4C896A0-DDE0-41CE-8159-9DE758BEA390}.Debug|x64.ActiveCfg = Debug|Any CPU
		{F4C896A0-DDE0-41CE-8159-9DE758BEA390}.Debug|x64.Build.0 = Debug|Any CPU
		{F4C896A0-DDE0-41CE-8159-9DE758BEA390}.Debug|x86.ActiveCfg = Debug|Any CPU
		{F4C896A0-DDE0-41CE-8159-9DE758BEA390}.Debug|x86.Build.0 = Debug|Any CPU
		{F4C896A0-DDE0-41CE-8159-9DE758BEA390}.Release|Any CPU.ActiveCfg = Release|Any CPU
		{F4C896A0-DDE0-41CE-8159-9DE758BEA390}.Release|Any CPU.Build.0 = Release|Any CPU
		{F4C896A0-DDE0-41CE-8159-9DE758BEA390}.Release|x64.ActiveCfg = Release|Any CPU
		{F4C896A0-DDE0-41CE-8159-9DE758BEA390}.Release|x64.Build.0 = Release|Any CPU
		{F4C896A0-DDE0-41CE-8159-9DE758BEA390}.Release|x86.ActiveCfg = Release|Any CPU
		{F4C896A0-DDE0-41CE-8159-9DE758BEA390}.Release|x86.Build.0 = Release|Any CPU
		{72AB894F-3113-4A90-BFF5-3FFBD6C0C32D}.Debug|Any CPU.ActiveCfg = Debug|Any CPU
		{72AB894F-3113-4A90-BFF5-3FFBD6C0C32D}.Debug|Any CPU.Build.0 = Debug|Any CPU
		{72AB894F-3113-4A90-BFF5-3FFBD6C0C32D}.Debug|x64.ActiveCfg = Debug|Any CPU
		{72AB894F-3113-4A90-BFF5-3FFBD6C0C32D}.Debug|x64.Build.0 = Debug|Any CPU
		{72AB894F-3113-4A90-BFF5-3FFBD6C0C32D}.Debug|x86.ActiveCfg = Debug|Any CPU
		{72AB894F-3113-4A90-BFF5-3FFBD6C0C32D}.Debug|x86.Build.0 = Debug|Any CPU
		{72AB894F-3113-4A90-BFF5-3FFBD6C0C32D}.Release|Any CPU.ActiveCfg = Release|Any CPU
		{72AB894F-3113-4A90-BFF5-3FFBD6C0C32D}.Release|Any CPU.Build.0 = Release|Any CPU
		{72AB894F-3113-4A90-BFF5-3FFBD6C0C32D}.Release|x64.ActiveCfg = Release|Any CPU
		{72AB894F-3113-4A90-BFF5-3FFBD6C0C32D}.Release|x64.Build.0 = Release|Any CPU
		{72AB894F-3113-4A90-BFF5-3FFBD6C0C32D}.Release|x86.ActiveCfg = Release|Any CPU
		{72AB894F-3113-4A90-BFF5-3FFBD6C0C32D}.Release|x86.Build.0 = Release|Any CPU
		{528E3257-ADCD-48B4-A8AD-105C035F1128}.Debug|Any CPU.ActiveCfg = Debug|Any CPU
		{528E3257-ADCD-48B4-A8AD-105C035F1128}.Debug|Any CPU.Build.0 = Debug|Any CPU
		{528E3257-ADCD-48B4-A8AD-105C035F1128}.Debug|x64.ActiveCfg = Debug|Any CPU
		{528E3257-ADCD-48B4-A8AD-105C035F1128}.Debug|x64.Build.0 = Debug|Any CPU
		{528E3257-ADCD-48B4-A8AD-105C035F1128}.Debug|x86.ActiveCfg = Debug|Any CPU
		{528E3257-ADCD-48B4-A8AD-105C035F1128}.Debug|x86.Build.0 = Debug|Any CPU
		{528E3257-ADCD-48B4-A8AD-105C035F1128}.Release|Any CPU.ActiveCfg = Release|Any CPU
		{528E3257-ADCD-48B4-A8AD-105C035F1128}.Release|Any CPU.Build.0 = Release|Any CPU
		{528E3257-ADCD-48B4-A8AD-105C035F1128}.Release|x64.ActiveCfg = Release|Any CPU
		{528E3257-ADCD-48B4-A8AD-105C035F1128}.Release|x64.Build.0 = Release|Any CPU
		{528E3257-ADCD-48B4-A8AD-105C035F1128}.Release|x86.ActiveCfg = Release|Any CPU
		{528E3257-ADCD-48B4-A8AD-105C035F1128}.Release|x86.Build.0 = Release|Any CPU
		{6C371103-72EB-4261-AFAE-0FC359BFEBF6}.Debug|Any CPU.ActiveCfg = Debug|Any CPU
		{6C371103-72EB-4261-AFAE-0FC359BFEBF6}.Debug|Any CPU.Build.0 = Debug|Any CPU
		{6C371103-72EB-4261-AFAE-0FC359BFEBF6}.Debug|x64.ActiveCfg = Debug|Any CPU
		{6C371103-72EB-4261-AFAE-0FC359BFEBF6}.Debug|x64.Build.0 = Debug|Any CPU
		{6C371103-72EB-4261-AFAE-0FC359BFEBF6}.Debug|x86.ActiveCfg = Debug|Any CPU
		{6C371103-72EB-4261-AFAE-0FC359BFEBF6}.Debug|x86.Build.0 = Debug|Any CPU
		{6C371103-72EB-4261-AFAE-0FC359BFEBF6}.Release|Any CPU.ActiveCfg = Release|Any CPU
		{6C371103-72EB-4261-AFAE-0FC359BFEBF6}.Release|Any CPU.Build.0 = Release|Any CPU
		{6C371103-72EB-4261-AFAE-0FC359BFEBF6}.Release|x64.ActiveCfg = Release|Any CPU
		{6C371103-72EB-4261-AFAE-0FC359BFEBF6}.Release|x64.Build.0 = Release|Any CPU
		{6C371103-72EB-4261-AFAE-0FC359BFEBF6}.Release|x86.ActiveCfg = Release|Any CPU
		{6C371103-72EB-4261-AFAE-0FC359BFEBF6}.Release|x86.Build.0 = Release|Any CPU
		{121CF9EE-7B67-4729-94D8-A0C95FEA3640}.Debug|Any CPU.ActiveCfg = Debug|Any CPU
		{121CF9EE-7B67-4729-94D8-A0C95FEA3640}.Debug|Any CPU.Build.0 = Debug|Any CPU
		{121CF9EE-7B67-4729-94D8-A0C95FEA3640}.Debug|x64.ActiveCfg = Debug|Any CPU
		{121CF9EE-7B67-4729-94D8-A0C95FEA3640}.Debug|x64.Build.0 = Debug|Any CPU
		{121CF9EE-7B67-4729-94D8-A0C95FEA3640}.Debug|x86.ActiveCfg = Debug|Any CPU
		{121CF9EE-7B67-4729-94D8-A0C95FEA3640}.Debug|x86.Build.0 = Debug|Any CPU
		{121CF9EE-7B67-4729-94D8-A0C95FEA3640}.Release|Any CPU.ActiveCfg = Release|Any CPU
		{121CF9EE-7B67-4729-94D8-A0C95FEA3640}.Release|Any CPU.Build.0 = Release|Any CPU
		{121CF9EE-7B67-4729-94D8-A0C95FEA3640}.Release|x64.ActiveCfg = Release|Any CPU
		{121CF9EE-7B67-4729-94D8-A0C95FEA3640}.Release|x64.Build.0 = Release|Any CPU
		{121CF9EE-7B67-4729-94D8-A0C95FEA3640}.Release|x86.ActiveCfg = Release|Any CPU
		{121CF9EE-7B67-4729-94D8-A0C95FEA3640}.Release|x86.Build.0 = Release|Any CPU
		{47F8EBAC-E63E-403D-9190-8B460C4C6C48}.Debug|Any CPU.ActiveCfg = Debug|Any CPU
		{47F8EBAC-E63E-403D-9190-8B460C4C6C48}.Debug|Any CPU.Build.0 = Debug|Any CPU
		{47F8EBAC-E63E-403D-9190-8B460C4C6C48}.Debug|x64.ActiveCfg = Debug|Any CPU
		{47F8EBAC-E63E-403D-9190-8B460C4C6C48}.Debug|x64.Build.0 = Debug|Any CPU
		{47F8EBAC-E63E-403D-9190-8B460C4C6C48}.Debug|x86.ActiveCfg = Debug|Any CPU
		{47F8EBAC-E63E-403D-9190-8B460C4C6C48}.Debug|x86.Build.0 = Debug|Any CPU
		{47F8EBAC-E63E-403D-9190-8B460C4C6C48}.Release|Any CPU.ActiveCfg = Release|Any CPU
		{47F8EBAC-E63E-403D-9190-8B460C4C6C48}.Release|Any CPU.Build.0 = Release|Any CPU
		{47F8EBAC-E63E-403D-9190-8B460C4C6C48}.Release|x64.ActiveCfg = Release|Any CPU
		{47F8EBAC-E63E-403D-9190-8B460C4C6C48}.Release|x64.Build.0 = Release|Any CPU
		{47F8EBAC-E63E-403D-9190-8B460C4C6C48}.Release|x86.ActiveCfg = Release|Any CPU
		{47F8EBAC-E63E-403D-9190-8B460C4C6C48}.Release|x86.Build.0 = Release|Any CPU
		{4E870B47-D209-4984-8577-23FBB649E31F}.Debug|Any CPU.ActiveCfg = Debug|Any CPU
		{4E870B47-D209-4984-8577-23FBB649E31F}.Debug|Any CPU.Build.0 = Debug|Any CPU
		{4E870B47-D209-4984-8577-23FBB649E31F}.Debug|x64.ActiveCfg = Debug|Any CPU
		{4E870B47-D209-4984-8577-23FBB649E31F}.Debug|x64.Build.0 = Debug|Any CPU
		{4E870B47-D209-4984-8577-23FBB649E31F}.Debug|x86.ActiveCfg = Debug|Any CPU
		{4E870B47-D209-4984-8577-23FBB649E31F}.Debug|x86.Build.0 = Debug|Any CPU
		{4E870B47-D209-4984-8577-23FBB649E31F}.Release|Any CPU.ActiveCfg = Release|Any CPU
		{4E870B47-D209-4984-8577-23FBB649E31F}.Release|Any CPU.Build.0 = Release|Any CPU
		{4E870B47-D209-4984-8577-23FBB649E31F}.Release|x64.ActiveCfg = Release|Any CPU
		{4E870B47-D209-4984-8577-23FBB649E31F}.Release|x64.Build.0 = Release|Any CPU
		{4E870B47-D209-4984-8577-23FBB649E31F}.Release|x86.ActiveCfg = Release|Any CPU
		{4E870B47-D209-4984-8577-23FBB649E31F}.Release|x86.Build.0 = Release|Any CPU
		{71B44E84-492F-4909-8711-80514C28F4DF}.Debug|Any CPU.ActiveCfg = Debug|Any CPU
		{71B44E84-492F-4909-8711-80514C28F4DF}.Debug|Any CPU.Build.0 = Debug|Any CPU
		{71B44E84-492F-4909-8711-80514C28F4DF}.Debug|x64.ActiveCfg = Debug|Any CPU
		{71B44E84-492F-4909-8711-80514C28F4DF}.Debug|x64.Build.0 = Debug|Any CPU
		{71B44E84-492F-4909-8711-80514C28F4DF}.Debug|x86.ActiveCfg = Debug|Any CPU
		{71B44E84-492F-4909-8711-80514C28F4DF}.Debug|x86.Build.0 = Debug|Any CPU
		{71B44E84-492F-4909-8711-80514C28F4DF}.Release|Any CPU.ActiveCfg = Release|Any CPU
		{71B44E84-492F-4909-8711-80514C28F4DF}.Release|Any CPU.Build.0 = Release|Any CPU
		{71B44E84-492F-4909-8711-80514C28F4DF}.Release|x64.ActiveCfg = Release|Any CPU
		{71B44E84-492F-4909-8711-80514C28F4DF}.Release|x64.Build.0 = Release|Any CPU
		{71B44E84-492F-4909-8711-80514C28F4DF}.Release|x86.ActiveCfg = Release|Any CPU
		{71B44E84-492F-4909-8711-80514C28F4DF}.Release|x86.Build.0 = Release|Any CPU
		{334DB1E7-88C9-4626-97B0-98204EC0CE58}.Debug|Any CPU.ActiveCfg = Debug|Any CPU
		{334DB1E7-88C9-4626-97B0-98204EC0CE58}.Debug|Any CPU.Build.0 = Debug|Any CPU
		{334DB1E7-88C9-4626-97B0-98204EC0CE58}.Debug|x64.ActiveCfg = Debug|Any CPU
		{334DB1E7-88C9-4626-97B0-98204EC0CE58}.Debug|x64.Build.0 = Debug|Any CPU
		{334DB1E7-88C9-4626-97B0-98204EC0CE58}.Debug|x86.ActiveCfg = Debug|Any CPU
		{334DB1E7-88C9-4626-97B0-98204EC0CE58}.Debug|x86.Build.0 = Debug|Any CPU
		{334DB1E7-88C9-4626-97B0-98204EC0CE58}.Release|Any CPU.ActiveCfg = Release|Any CPU
		{334DB1E7-88C9-4626-97B0-98204EC0CE58}.Release|Any CPU.Build.0 = Release|Any CPU
		{334DB1E7-88C9-4626-97B0-98204EC0CE58}.Release|x64.ActiveCfg = Release|Any CPU
		{334DB1E7-88C9-4626-97B0-98204EC0CE58}.Release|x64.Build.0 = Release|Any CPU
		{334DB1E7-88C9-4626-97B0-98204EC0CE58}.Release|x86.ActiveCfg = Release|Any CPU
		{334DB1E7-88C9-4626-97B0-98204EC0CE58}.Release|x86.Build.0 = Release|Any CPU
		{84A4C597-D937-44E7-86A8-755B45F94C35}.Debug|Any CPU.ActiveCfg = Debug|Any CPU
		{84A4C597-D937-44E7-86A8-755B45F94C35}.Debug|Any CPU.Build.0 = Debug|Any CPU
		{84A4C597-D937-44E7-86A8-755B45F94C35}.Debug|x64.ActiveCfg = Debug|Any CPU
		{84A4C597-D937-44E7-86A8-755B45F94C35}.Debug|x64.Build.0 = Debug|Any CPU
		{84A4C597-D937-44E7-86A8-755B45F94C35}.Debug|x86.ActiveCfg = Debug|Any CPU
		{84A4C597-D937-44E7-86A8-755B45F94C35}.Debug|x86.Build.0 = Debug|Any CPU
		{84A4C597-D937-44E7-86A8-755B45F94C35}.Release|Any CPU.ActiveCfg = Release|Any CPU
		{84A4C597-D937-44E7-86A8-755B45F94C35}.Release|Any CPU.Build.0 = Release|Any CPU
		{84A4C597-D937-44E7-86A8-755B45F94C35}.Release|x64.ActiveCfg = Release|Any CPU
		{84A4C597-D937-44E7-86A8-755B45F94C35}.Release|x64.Build.0 = Release|Any CPU
		{84A4C597-D937-44E7-86A8-755B45F94C35}.Release|x86.ActiveCfg = Release|Any CPU
		{84A4C597-D937-44E7-86A8-755B45F94C35}.Release|x86.Build.0 = Release|Any CPU
		{D269DFA1-62BB-4B06-8A74-45562FBB3BE9}.Debug|Any CPU.ActiveCfg = Debug|Any CPU
		{D269DFA1-62BB-4B06-8A74-45562FBB3BE9}.Debug|Any CPU.Build.0 = Debug|Any CPU
		{D269DFA1-62BB-4B06-8A74-45562FBB3BE9}.Debug|x64.ActiveCfg = Debug|Any CPU
		{D269DFA1-62BB-4B06-8A74-45562FBB3BE9}.Debug|x64.Build.0 = Debug|Any CPU
		{D269DFA1-62BB-4B06-8A74-45562FBB3BE9}.Debug|x86.ActiveCfg = Debug|Any CPU
		{D269DFA1-62BB-4B06-8A74-45562FBB3BE9}.Debug|x86.Build.0 = Debug|Any CPU
		{D269DFA1-62BB-4B06-8A74-45562FBB3BE9}.Release|Any CPU.ActiveCfg = Release|Any CPU
		{D269DFA1-62BB-4B06-8A74-45562FBB3BE9}.Release|Any CPU.Build.0 = Release|Any CPU
		{D269DFA1-62BB-4B06-8A74-45562FBB3BE9}.Release|x64.ActiveCfg = Release|Any CPU
		{D269DFA1-62BB-4B06-8A74-45562FBB3BE9}.Release|x64.Build.0 = Release|Any CPU
		{D269DFA1-62BB-4B06-8A74-45562FBB3BE9}.Release|x86.ActiveCfg = Release|Any CPU
		{D269DFA1-62BB-4B06-8A74-45562FBB3BE9}.Release|x86.Build.0 = Release|Any CPU
		{EE0BFBD6-7C52-4C2E-B3F7-89027341220F}.Debug|Any CPU.ActiveCfg = Debug|Any CPU
		{EE0BFBD6-7C52-4C2E-B3F7-89027341220F}.Debug|Any CPU.Build.0 = Debug|Any CPU
		{EE0BFBD6-7C52-4C2E-B3F7-89027341220F}.Debug|x64.ActiveCfg = Debug|Any CPU
		{EE0BFBD6-7C52-4C2E-B3F7-89027341220F}.Debug|x64.Build.0 = Debug|Any CPU
		{EE0BFBD6-7C52-4C2E-B3F7-89027341220F}.Debug|x86.ActiveCfg = Debug|Any CPU
		{EE0BFBD6-7C52-4C2E-B3F7-89027341220F}.Debug|x86.Build.0 = Debug|Any CPU
		{EE0BFBD6-7C52-4C2E-B3F7-89027341220F}.Release|Any CPU.ActiveCfg = Release|Any CPU
		{EE0BFBD6-7C52-4C2E-B3F7-89027341220F}.Release|Any CPU.Build.0 = Release|Any CPU
		{EE0BFBD6-7C52-4C2E-B3F7-89027341220F}.Release|x64.ActiveCfg = Release|Any CPU
		{EE0BFBD6-7C52-4C2E-B3F7-89027341220F}.Release|x64.Build.0 = Release|Any CPU
		{EE0BFBD6-7C52-4C2E-B3F7-89027341220F}.Release|x86.ActiveCfg = Release|Any CPU
		{EE0BFBD6-7C52-4C2E-B3F7-89027341220F}.Release|x86.Build.0 = Release|Any CPU
	EndGlobalSection
	GlobalSection(SolutionProperties) = preSolution
		HideSolutionNode = FALSE
	EndGlobalSection
	GlobalSection(NestedProjects) = preSolution
		{90298CBA-BD6F-3A0A-69D5-97CAD7B05E7E} = {827E0CD3-B72D-47B6-A68D-7590B98EB39B}
		{D244D4E4-2D3A-48CE-9D28-56E78AE25221} = {90298CBA-BD6F-3A0A-69D5-97CAD7B05E7E}
		{E12F9F65-8868-4892-9FBF-44D367E5CBCE} = {90298CBA-BD6F-3A0A-69D5-97CAD7B05E7E}
		{E7C56C8C-1CD4-4E95-AAD8-B0B283FAAAC6} = {90298CBA-BD6F-3A0A-69D5-97CAD7B05E7E}
		{A046FDAD-67F2-4E97-ADC1-859311FCA8C9} = {90298CBA-BD6F-3A0A-69D5-97CAD7B05E7E}
		{548C09DF-E830-464D-BE46-75480A182811} = {90298CBA-BD6F-3A0A-69D5-97CAD7B05E7E}
		{984BB9B3-3FA3-BE33-9484-CAC21695A33C} = {827E0CD3-B72D-47B6-A68D-7590B98EB39B}
		{38494CD7-E01F-CF74-59F8-50E8E8F43C4A} = {984BB9B3-3FA3-BE33-9484-CAC21695A33C}
		{F7DF4562-3A96-4C4E-9364-F486B037DFEB} = {38494CD7-E01F-CF74-59F8-50E8E8F43C4A}
		{F4C896A0-DDE0-41CE-8159-9DE758BEA390} = {38494CD7-E01F-CF74-59F8-50E8E8F43C4A}
		{72AB894F-3113-4A90-BFF5-3FFBD6C0C32D} = {38494CD7-E01F-CF74-59F8-50E8E8F43C4A}
		{528E3257-ADCD-48B4-A8AD-105C035F1128} = {38494CD7-E01F-CF74-59F8-50E8E8F43C4A}
		{36E171C4-B762-9D9C-FAA3-49D36A5413E0} = {984BB9B3-3FA3-BE33-9484-CAC21695A33C}
		{6C371103-72EB-4261-AFAE-0FC359BFEBF6} = {36E171C4-B762-9D9C-FAA3-49D36A5413E0}
		{121CF9EE-7B67-4729-94D8-A0C95FEA3640} = {36E171C4-B762-9D9C-FAA3-49D36A5413E0}
		{47F8EBAC-E63E-403D-9190-8B460C4C6C48} = {36E171C4-B762-9D9C-FAA3-49D36A5413E0}
		{4E870B47-D209-4984-8577-23FBB649E31F} = {36E171C4-B762-9D9C-FAA3-49D36A5413E0}
		{71B44E84-492F-4909-8711-80514C28F4DF} = {36E171C4-B762-9D9C-FAA3-49D36A5413E0}
		{334DB1E7-88C9-4626-97B0-98204EC0CE58} = {36E171C4-B762-9D9C-FAA3-49D36A5413E0}
		{84A4C597-D937-44E7-86A8-755B45F94C35} = {36E171C4-B762-9D9C-FAA3-49D36A5413E0}
		{D269DFA1-62BB-4B06-8A74-45562FBB3BE9} = {36E171C4-B762-9D9C-FAA3-49D36A5413E0}
		{EE0BFBD6-7C52-4C2E-B3F7-89027341220F} = {90298CBA-BD6F-3A0A-69D5-97CAD7B05E7E}
	EndGlobalSection
EndGlobal
